
Microsoft Visual Studio Solution File, Format Version 12.00
# Visual Studio Version 17
VisualStudioVersion = 17.11.35327.3
MinimumVisualStudioVersion = 10.0.40219.1
Project("{9A19103F-16F7-4668-BE54-9A1E7A4F7556}") = "SqlQueryBuilderExtension", "SqlQueryBuilderExtension\SqlQueryBuilderExtension.csproj", "{14BDFF4E-3384-4378-AAA6-7FB71EB8F358}"
EndProject
Project("{FAE04EC0-301F-11D3-BF4B-00C04F79EFBC}") = "MyTests", "MyTests\MyTests.csproj", "{CBFDA2B1-F117-4C49-AEE5-3487C80852A0}"
EndProject
Global
	GlobalSection(SolutionConfigurationPlatforms) = preSolution
		Debug|Any CPU = Debug|Any CPU
		Release|Any CPU = Release|Any CPU
	EndGlobalSection
	GlobalSection(ProjectConfigurationPlatforms) = postSolution
		{14BDFF4E-3384-4378-AAA6-7FB71EB8F358}.Debug|Any CPU.ActiveCfg = Debug|Any CPU
		{14BDFF4E-3384-4378-AAA6-7FB71EB8F358}.Debug|Any CPU.Build.0 = Debug|Any CPU
		{14BDFF4E-3384-4378-AAA6-7FB71EB8F358}.Release|Any CPU.ActiveCfg = Release|Any CPU
		{14BDFF4E-3384-4378-AAA6-7FB71EB8F358}.Release|Any CPU.Build.0 = Release|Any CPU
		{CBFDA2B1-F117-4C49-AEE5-3487C80852A0}.Debug|Any CPU.ActiveCfg = Debug|Any CPU
		{CBFDA2B1-F117-4C49-AEE5-3487C80852A0}.Debug|Any CPU.Build.0 = Debug|Any CPU
		{CBFDA2B1-F117-4C49-AEE5-3487C80852A0}.Release|Any CPU.ActiveCfg = Release|Any CPU
		{CBFDA2B1-F117-4C49-AEE5-3487C80852A0}.Release|Any CPU.Build.0 = Release|Any CPU
	EndGlobalSection
	GlobalSection(SolutionProperties) = preSolution
		HideSolutionNode = FALSE
	EndGlobalSection
	GlobalSection(ExtensibilityGlobals) = postSolution
		SolutionGuid = {72AEE5F2-0360-4B0C-ACCC-9D3FD5700984}
	EndGlobalSection
EndGlobal
